
Microsoft Visual Studio Solution File, Format Version 12.00
# Visual Studio Version 17
VisualStudioVersion = 17.10.35013.160
MinimumVisualStudioVersion = 10.0.40219.1
Project("{9A19103F-16F7-4668-BE54-9A1E7A4F7556}") = "Benchmark", "Benchmark\Benchmark.csproj", "{CA9D81D3-3090-4B44-BB06-BF805EE88785}"
EndProject
Project("{FAE04EC0-301F-11D3-BF4B-00C04F79EFBC}") = "Benchmark472", "Benchmark472\Benchmark472.csproj", "{E5E57BE4-3FFC-42F2-90C2-6CB0ADDD970D}"
EndProject
Global
	GlobalSection(SolutionConfigurationPlatforms) = preSolution
		Debug|Any CPU = Debug|Any CPU
		Release|Any CPU = Release|Any CPU
	EndGlobalSection
	GlobalSection(ProjectConfigurationPlatforms) = postSolution
		{CA9D81D3-3090-4B44-BB06-BF805EE88785}.Debug|Any CPU.ActiveCfg = Debug|Any CPU
		{CA9D81D3-3090-4B44-BB06-BF805EE88785}.Debug|Any CPU.Build.0 = Debug|Any CPU
		{CA9D81D3-3090-4B44-BB06-BF805EE88785}.Release|Any CPU.ActiveCfg = Release|Any CPU
		{CA9D81D3-3090-4B44-BB06-BF805EE88785}.Release|Any CPU.Build.0 = Release|Any CPU
		{E5E57BE4-3FFC-42F2-90C2-6CB0ADDD970D}.Debug|Any CPU.ActiveCfg = Debug|Any CPU
		{E5E57BE4-3FFC-42F2-90C2-6CB0ADDD970D}.Debug|Any CPU.Build.0 = Debug|Any CPU
		{E5E57BE4-3FFC-42F2-90C2-6CB0ADDD970D}.Release|Any CPU.ActiveCfg = Release|Any CPU
		{E5E57BE4-3FFC-42F2-90C2-6CB0ADDD970D}.Release|Any CPU.Build.0 = Release|Any CPU
	EndGlobalSection
	GlobalSection(SolutionProperties) = preSolution
		HideSolutionNode = FALSE
	EndGlobalSection
	GlobalSection(ExtensibilityGlobals) = postSolution
		SolutionGuid = {A8C636F0-2AF5-4AC8-B401-4C2FC670C966}
	EndGlobalSection
EndGlobal
